// !$*UTF8*$!
{
	archiveVersion = 1;
	classes = {
	};
	objectVersion = 54;
	objects = {

/* Begin PBXBuildFile section */
		556C528B259B5A5900ED902D /* TimerManager.swift in Sources */ = {isa = PBXBuildFile; fileRef = 556C528A259B5A5900ED902D /* TimerManager.swift */; };
		556C528F259B822A00ED902D /* UpdateTimeSettingsViewController.swift in Sources */ = {isa = PBXBuildFile; fileRef = 556C528E259B822A00ED902D /* UpdateTimeSettingsViewController.swift */; };
		556C5295259BDB3100ED902D /* NatificationName+UpdatingTimeChanged.swift in Sources */ = {isa = PBXBuildFile; fileRef = 556C5294259BDB3100ED902D /* NatificationName+UpdatingTimeChanged.swift */; };
		558FCF292598E64800FBB5F2 /* NewsPresenter.swift in Sources */ = {isa = PBXBuildFile; fileRef = 558FCF282598E64800FBB5F2 /* NewsPresenter.swift */; };
		558FCF2C2598E6EA00FBB5F2 /* NewsRouter.swift in Sources */ = {isa = PBXBuildFile; fileRef = 558FCF2B2598E6EA00FBB5F2 /* NewsRouter.swift */; };
		558FCF2F2598F52200FBB5F2 /* SettingsViewController.swift in Sources */ = {isa = PBXBuildFile; fileRef = 558FCF2E2598F52200FBB5F2 /* SettingsViewController.swift */; };
		558FCF352598FA2800FBB5F2 /* NetworkManager.swift in Sources */ = {isa = PBXBuildFile; fileRef = 558FCF342598FA2800FBB5F2 /* NetworkManager.swift */; };
		558FCF412598FB1600FBB5F2 /* NewsFetchingProtocol.swift in Sources */ = {isa = PBXBuildFile; fileRef = 558FCF402598FB1600FBB5F2 /* NewsFetchingProtocol.swift */; };
		558FCF442599007700FBB5F2 /* NetworkError.swift in Sources */ = {isa = PBXBuildFile; fileRef = 558FCF432599007700FBB5F2 /* NetworkError.swift */; };
		558FCF4725990B2000FBB5F2 /* NewsParser.swift in Sources */ = {isa = PBXBuildFile; fileRef = 558FCF4625990B2000FBB5F2 /* NewsParser.swift */; };
		55906A002599E1890092C794 /* Date+FromXMLString.swift in Sources */ = {isa = PBXBuildFile; fileRef = 559069FF2599E1890092C794 /* Date+FromXMLString.swift */; };
		55906A042599E7E20092C794 /* NewsIteractor.swift in Sources */ = {isa = PBXBuildFile; fileRef = 55906A032599E7E20092C794 /* NewsIteractor.swift */; };
		55906A0C259A48F20092C794 /* FreshNews.xcdatamodeld in Sources */ = {isa = PBXBuildFile; fileRef = 55906A0A259A48F20092C794 /* FreshNews.xcdatamodeld */; };
		55906A10259A50200092C794 /* NewsItemCD+CoreDataClass.swift in Sources */ = {isa = PBXBuildFile; fileRef = 55906A0E259A50200092C794 /* NewsItemCD+CoreDataClass.swift */; };
		55906A11259A50200092C794 /* NewsItemCD+CoreDataProperties.swift in Sources */ = {isa = PBXBuildFile; fileRef = 55906A0F259A50200092C794 /* NewsItemCD+CoreDataProperties.swift */; };
		55906A15259A516D0092C794 /* CoreDataManager.swift in Sources */ = {isa = PBXBuildFile; fileRef = 55906A14259A516D0092C794 /* CoreDataManager.swift */; };
		55906A1A259A780B0092C794 /* StoreManager.swift in Sources */ = {isa = PBXBuildFile; fileRef = 55906A19259A780B0092C794 /* StoreManager.swift */; };
		55906A1D259A78A50092C794 /* StoreManagerProtocol.swift in Sources */ = {isa = PBXBuildFile; fileRef = 55906A1C259A78A50092C794 /* StoreManagerProtocol.swift */; };
		55906A21259A8AB40092C794 /* SourceManager.swift in Sources */ = {isa = PBXBuildFile; fileRef = 55906A20259A8AB40092C794 /* SourceManager.swift */; };
		55AA39AB25948373004716E0 /* AppDelegate.swift in Sources */ = {isa = PBXBuildFile; fileRef = 55AA39AA25948373004716E0 /* AppDelegate.swift */; };
		55AA39AD25948373004716E0 /* SceneDelegate.swift in Sources */ = {isa = PBXBuildFile; fileRef = 55AA39AC25948373004716E0 /* SceneDelegate.swift */; };
		55AA39B425948373004716E0 /* Assets.xcassets in Resources */ = {isa = PBXBuildFile; fileRef = 55AA39B325948373004716E0 /* Assets.xcassets */; };
		55AA39B725948373004716E0 /* LaunchScreen.storyboard in Resources */ = {isa = PBXBuildFile; fileRef = 55AA39B525948373004716E0 /* LaunchScreen.storyboard */; };
		55AA39C9259486DE004716E0 /* NewsItem.swift in Sources */ = {isa = PBXBuildFile; fileRef = 55AA39C8259486DE004716E0 /* NewsItem.swift */; };
		55AA39CC25949181004716E0 /* NewsSourceProtocol.swift in Sources */ = {isa = PBXBuildFile; fileRef = 55AA39CB25949181004716E0 /* NewsSourceProtocol.swift */; };
		55AA39CF2594932D004716E0 /* NewsSource.swift in Sources */ = {isa = PBXBuildFile; fileRef = 55AA39CE2594932D004716E0 /* NewsSource.swift */; };
		55AA39D225949930004716E0 /* AdditionalNewsSource.swift in Sources */ = {isa = PBXBuildFile; fileRef = 55AA39D125949930004716E0 /* AdditionalNewsSource.swift */; };
		55AA39D6259721DD004716E0 /* NewsViewController.swift in Sources */ = {isa = PBXBuildFile; fileRef = 55AA39D5259721DD004716E0 /* NewsViewController.swift */; };
		55AA39D9259728D6004716E0 /* NewsTableViewCell.swift in Sources */ = {isa = PBXBuildFile; fileRef = 55AA39D8259728D6004716E0 /* NewsTableViewCell.swift */; };
		55AA39DD25972C6D004716E0 /* UITableView+ReusableCell.swift in Sources */ = {isa = PBXBuildFile; fileRef = 55AA39DC25972C6D004716E0 /* UITableView+ReusableCell.swift */; };
		55AA39E125972E82004716E0 /* UITableViewCell+ReuseIdentifier.swift in Sources */ = {isa = PBXBuildFile; fileRef = 55AA39E025972E82004716E0 /* UITableViewCell+ReuseIdentifier.swift */; };
		55AA39EA25978A50004716E0 /* Date+NewsFormat.swift in Sources */ = {isa = PBXBuildFile; fileRef = 55AA39E925978A50004716E0 /* Date+NewsFormat.swift */; };
		55AA39F02597A2F2004716E0 /* NewsViewProtocol.swift in Sources */ = {isa = PBXBuildFile; fileRef = 55AA39EF2597A2F2004716E0 /* NewsViewProtocol.swift */; };
		55AA39F32597A31D004716E0 /* NewsPresenterProtocol.swift in Sources */ = {isa = PBXBuildFile; fileRef = 55AA39F22597A31D004716E0 /* NewsPresenterProtocol.swift */; };
		55AA39F62597A348004716E0 /* NewsIteractorProtocol.swift in Sources */ = {isa = PBXBuildFile; fileRef = 55AA39F52597A348004716E0 /* NewsIteractorProtocol.swift */; };
		55AA39F92597A373004716E0 /* NewsRouterProtocol.swift in Sources */ = {isa = PBXBuildFile; fileRef = 55AA39F82597A373004716E0 /* NewsRouterProtocol.swift */; };
/* End PBXBuildFile section */

/* Begin PBXFileReference section */
		556C528A259B5A5900ED902D /* TimerManager.swift */ = {isa = PBXFileReference; lastKnownFileType = sourcecode.swift; path = TimerManager.swift; sourceTree = "<group>"; };
		556C528E259B822A00ED902D /* UpdateTimeSettingsViewController.swift */ = {isa = PBXFileReference; lastKnownFileType = sourcecode.swift; path = UpdateTimeSettingsViewController.swift; sourceTree = "<group>"; };
		556C5294259BDB3100ED902D /* NatificationName+UpdatingTimeChanged.swift */ = {isa = PBXFileReference; lastKnownFileType = sourcecode.swift; path = "NatificationName+UpdatingTimeChanged.swift"; sourceTree = "<group>"; };
		558FCF282598E64800FBB5F2 /* NewsPresenter.swift */ = {isa = PBXFileReference; lastKnownFileType = sourcecode.swift; path = NewsPresenter.swift; sourceTree = "<group>"; };
		558FCF2B2598E6EA00FBB5F2 /* NewsRouter.swift */ = {isa = PBXFileReference; lastKnownFileType = sourcecode.swift; path = NewsRouter.swift; sourceTree = "<group>"; };
		558FCF2E2598F52200FBB5F2 /* SettingsViewController.swift */ = {isa = PBXFileReference; lastKnownFileType = sourcecode.swift; path = SettingsViewController.swift; sourceTree = "<group>"; };
		558FCF342598FA2800FBB5F2 /* NetworkManager.swift */ = {isa = PBXFileReference; lastKnownFileType = sourcecode.swift; path = NetworkManager.swift; sourceTree = "<group>"; };
		558FCF402598FB1600FBB5F2 /* NewsFetchingProtocol.swift */ = {isa = PBXFileReference; lastKnownFileType = sourcecode.swift; path = NewsFetchingProtocol.swift; sourceTree = "<group>"; };
		558FCF432599007700FBB5F2 /* NetworkError.swift */ = {isa = PBXFileReference; lastKnownFileType = sourcecode.swift; path = NetworkError.swift; sourceTree = "<group>"; };
		558FCF4625990B2000FBB5F2 /* NewsParser.swift */ = {isa = PBXFileReference; lastKnownFileType = sourcecode.swift; path = NewsParser.swift; sourceTree = "<group>"; };
		559069FF2599E1890092C794 /* Date+FromXMLString.swift */ = {isa = PBXFileReference; lastKnownFileType = sourcecode.swift; path = "Date+FromXMLString.swift"; sourceTree = "<group>"; };
		55906A032599E7E20092C794 /* NewsIteractor.swift */ = {isa = PBXFileReference; lastKnownFileType = sourcecode.swift; path = NewsIteractor.swift; sourceTree = "<group>"; };
		55906A0B259A48F20092C794 /* FreshNews.xcdatamodel */ = {isa = PBXFileReference; lastKnownFileType = wrapper.xcdatamodel; path = FreshNews.xcdatamodel; sourceTree = "<group>"; };
		55906A0E259A50200092C794 /* NewsItemCD+CoreDataClass.swift */ = {isa = PBXFileReference; lastKnownFileType = sourcecode.swift; path = "NewsItemCD+CoreDataClass.swift"; sourceTree = "<group>"; };
		55906A0F259A50200092C794 /* NewsItemCD+CoreDataProperties.swift */ = {isa = PBXFileReference; lastKnownFileType = sourcecode.swift; path = "NewsItemCD+CoreDataProperties.swift"; sourceTree = "<group>"; };
		55906A14259A516D0092C794 /* CoreDataManager.swift */ = {isa = PBXFileReference; lastKnownFileType = sourcecode.swift; path = CoreDataManager.swift; sourceTree = "<group>"; };
		55906A19259A780B0092C794 /* StoreManager.swift */ = {isa = PBXFileReference; lastKnownFileType = sourcecode.swift; path = StoreManager.swift; sourceTree = "<group>"; };
		55906A1C259A78A50092C794 /* StoreManagerProtocol.swift */ = {isa = PBXFileReference; lastKnownFileType = sourcecode.swift; path = StoreManagerProtocol.swift; sourceTree = "<group>"; };
		55906A20259A8AB40092C794 /* SourceManager.swift */ = {isa = PBXFileReference; lastKnownFileType = sourcecode.swift; path = SourceManager.swift; sourceTree = "<group>"; };
		55AA39A725948373004716E0 /* FreshNews.app */ = {isa = PBXFileReference; explicitFileType = wrapper.application; includeInIndex = 0; path = FreshNews.app; sourceTree = BUILT_PRODUCTS_DIR; };
		55AA39AA25948373004716E0 /* AppDelegate.swift */ = {isa = PBXFileReference; lastKnownFileType = sourcecode.swift; path = AppDelegate.swift; sourceTree = "<group>"; };
		55AA39AC25948373004716E0 /* SceneDelegate.swift */ = {isa = PBXFileReference; lastKnownFileType = sourcecode.swift; path = SceneDelegate.swift; sourceTree = "<group>"; };
		55AA39B325948373004716E0 /* Assets.xcassets */ = {isa = PBXFileReference; lastKnownFileType = folder.assetcatalog; path = Assets.xcassets; sourceTree = "<group>"; };
		55AA39B625948373004716E0 /* Base */ = {isa = PBXFileReference; lastKnownFileType = file.storyboard; name = Base; path = Base.lproj/LaunchScreen.storyboard; sourceTree = "<group>"; };
		55AA39B825948373004716E0 /* Info.plist */ = {isa = PBXFileReference; lastKnownFileType = text.plist.xml; path = Info.plist; sourceTree = "<group>"; };
		55AA39C8259486DE004716E0 /* NewsItem.swift */ = {isa = PBXFileReference; lastKnownFileType = sourcecode.swift; path = NewsItem.swift; sourceTree = "<group>"; };
		55AA39CB25949181004716E0 /* NewsSourceProtocol.swift */ = {isa = PBXFileReference; lastKnownFileType = sourcecode.swift; path = NewsSourceProtocol.swift; sourceTree = "<group>"; };
		55AA39CE2594932D004716E0 /* NewsSource.swift */ = {isa = PBXFileReference; lastKnownFileType = sourcecode.swift; path = NewsSource.swift; sourceTree = "<group>"; };
		55AA39D125949930004716E0 /* AdditionalNewsSource.swift */ = {isa = PBXFileReference; lastKnownFileType = sourcecode.swift; path = AdditionalNewsSource.swift; sourceTree = "<group>"; };
		55AA39D5259721DD004716E0 /* NewsViewController.swift */ = {isa = PBXFileReference; lastKnownFileType = sourcecode.swift; path = NewsViewController.swift; sourceTree = "<group>"; };
		55AA39D8259728D6004716E0 /* NewsTableViewCell.swift */ = {isa = PBXFileReference; lastKnownFileType = sourcecode.swift; path = NewsTableViewCell.swift; sourceTree = "<group>"; };
		55AA39DC25972C6D004716E0 /* UITableView+ReusableCell.swift */ = {isa = PBXFileReference; lastKnownFileType = sourcecode.swift; path = "UITableView+ReusableCell.swift"; sourceTree = "<group>"; };
		55AA39E025972E82004716E0 /* UITableViewCell+ReuseIdentifier.swift */ = {isa = PBXFileReference; lastKnownFileType = sourcecode.swift; path = "UITableViewCell+ReuseIdentifier.swift"; sourceTree = "<group>"; };
		55AA39E925978A50004716E0 /* Date+NewsFormat.swift */ = {isa = PBXFileReference; lastKnownFileType = sourcecode.swift; path = "Date+NewsFormat.swift"; sourceTree = "<group>"; };
		55AA39EF2597A2F2004716E0 /* NewsViewProtocol.swift */ = {isa = PBXFileReference; lastKnownFileType = sourcecode.swift; path = NewsViewProtocol.swift; sourceTree = "<group>"; };
		55AA39F22597A31D004716E0 /* NewsPresenterProtocol.swift */ = {isa = PBXFileReference; lastKnownFileType = sourcecode.swift; path = NewsPresenterProtocol.swift; sourceTree = "<group>"; };
		55AA39F52597A348004716E0 /* NewsIteractorProtocol.swift */ = {isa = PBXFileReference; lastKnownFileType = sourcecode.swift; path = NewsIteractorProtocol.swift; sourceTree = "<group>"; };
		55AA39F82597A373004716E0 /* NewsRouterProtocol.swift */ = {isa = PBXFileReference; lastKnownFileType = sourcecode.swift; path = NewsRouterProtocol.swift; sourceTree = "<group>"; };
/* End PBXFileReference section */

/* Begin PBXFrameworksBuildPhase section */
		55AA39A425948373004716E0 /* Frameworks */ = {
			isa = PBXFrameworksBuildPhase;
			buildActionMask = 2147483647;
			files = (
			);
			runOnlyForDeploymentPostprocessing = 0;
		};
/* End PBXFrameworksBuildPhase section */

/* Begin PBXGroup section */
		558FCF332598FA0800FBB5F2 /* Network */ = {
			isa = PBXGroup;
			children = (
				558FCF342598FA2800FBB5F2 /* NetworkManager.swift */,
				558FCF402598FB1600FBB5F2 /* NewsFetchingProtocol.swift */,
				558FCF432599007700FBB5F2 /* NetworkError.swift */,
				558FCF4625990B2000FBB5F2 /* NewsParser.swift */,
			);
			path = Network;
			sourceTree = "<group>";
		};
		55906A09259A43930092C794 /* DataManager */ = {
			isa = PBXGroup;
			children = (
				55906A0E259A50200092C794 /* NewsItemCD+CoreDataClass.swift */,
				55906A0F259A50200092C794 /* NewsItemCD+CoreDataProperties.swift */,
				55906A14259A516D0092C794 /* CoreDataManager.swift */,
				55906A19259A780B0092C794 /* StoreManager.swift */,
				55906A1C259A78A50092C794 /* StoreManagerProtocol.swift */,
			);
			path = DataManager;
			sourceTree = "<group>";
		};
		55906A1F259A8A8F0092C794 /* Services */ = {
			isa = PBXGroup;
			children = (
				55906A20259A8AB40092C794 /* SourceManager.swift */,
				556C528A259B5A5900ED902D /* TimerManager.swift */,
			);
			path = Services;
			sourceTree = "<group>";
		};
		55AA399E25948373004716E0 = {
			isa = PBXGroup;
			children = (
				55AA39A925948373004716E0 /* FreshNews */,
				55AA39A825948373004716E0 /* Products */,
			);
			sourceTree = "<group>";
		};
		55AA39A825948373004716E0 /* Products */ = {
			isa = PBXGroup;
			children = (
				55AA39A725948373004716E0 /* FreshNews.app */,
			);
			name = Products;
			sourceTree = "<group>";
		};
		55AA39A925948373004716E0 /* FreshNews */ = {
			isa = PBXGroup;
			children = (
				55906A1F259A8A8F0092C794 /* Services */,
				55906A09259A43930092C794 /* DataManager */,
				558FCF332598FA0800FBB5F2 /* Network */,
				55AA39DB25972C2B004716E0 /* Extensions */,
				55AA39BF259483BE004716E0 /* News */,
				55AA39AA25948373004716E0 /* AppDelegate.swift */,
				55AA39AC25948373004716E0 /* SceneDelegate.swift */,
				55AA39B325948373004716E0 /* Assets.xcassets */,
				55AA39B525948373004716E0 /* LaunchScreen.storyboard */,
				55AA39B825948373004716E0 /* Info.plist */,
				55906A0A259A48F20092C794 /* FreshNews.xcdatamodeld */,
			);
			path = FreshNews;
			sourceTree = "<group>";
		};
		55AA39BF259483BE004716E0 /* News */ = {
			isa = PBXGroup;
			children = (
				55AA39C5259484CD004716E0 /* Entities */,
				55AA39C025948444004716E0 /* Interactor */,
				55AA39C125948460004716E0 /* Presenter */,
				55AA39C325948481004716E0 /* Protocols */,
				55AA39C4259484A6004716E0 /* Router */,
				55AA39C22594846B004716E0 /* View */,
			);
			path = News;
			sourceTree = "<group>";
		};
		55AA39C025948444004716E0 /* Interactor */ = {
			isa = PBXGroup;
			children = (
				55906A032599E7E20092C794 /* NewsIteractor.swift */,
			);
			path = Interactor;
			sourceTree = "<group>";
		};
		55AA39C125948460004716E0 /* Presenter */ = {
			isa = PBXGroup;
			children = (
				558FCF282598E64800FBB5F2 /* NewsPresenter.swift */,
			);
			path = Presenter;
			sourceTree = "<group>";
		};
		55AA39C22594846B004716E0 /* View */ = {
			isa = PBXGroup;
			children = (
				55AA39D8259728D6004716E0 /* NewsTableViewCell.swift */,
				55AA39D5259721DD004716E0 /* NewsViewController.swift */,
				558FCF2E2598F52200FBB5F2 /* SettingsViewController.swift */,
				556C528E259B822A00ED902D /* UpdateTimeSettingsViewController.swift */,
			);
			path = View;
			sourceTree = "<group>";
		};
		55AA39C325948481004716E0 /* Protocols */ = {
			isa = PBXGroup;
			children = (
				55AA39CB25949181004716E0 /* NewsSourceProtocol.swift */,
				55AA39EF2597A2F2004716E0 /* NewsViewProtocol.swift */,
				55AA39F22597A31D004716E0 /* NewsPresenterProtocol.swift */,
				55AA39F52597A348004716E0 /* NewsIteractorProtocol.swift */,
				55AA39F82597A373004716E0 /* NewsRouterProtocol.swift */,
			);
			path = Protocols;
			sourceTree = "<group>";
		};
		55AA39C4259484A6004716E0 /* Router */ = {
			isa = PBXGroup;
			children = (
				558FCF2B2598E6EA00FBB5F2 /* NewsRouter.swift */,
			);
			path = Router;
			sourceTree = "<group>";
		};
		55AA39C5259484CD004716E0 /* Entities */ = {
			isa = PBXGroup;
			children = (
				55AA39D125949930004716E0 /* AdditionalNewsSource.swift */,
				55AA39C8259486DE004716E0 /* NewsItem.swift */,
				55AA39CE2594932D004716E0 /* NewsSource.swift */,
			);
			path = Entities;
			sourceTree = "<group>";
		};
		55AA39DB25972C2B004716E0 /* Extensions */ = {
			isa = PBXGroup;
			children = (
				559069FF2599E1890092C794 /* Date+FromXMLString.swift */,
				55AA39E925978A50004716E0 /* Date+NewsFormat.swift */,
				55AA39DC25972C6D004716E0 /* UITableView+ReusableCell.swift */,
				55AA39E025972E82004716E0 /* UITableViewCell+ReuseIdentifier.swift */,
				556C5294259BDB3100ED902D /* NatificationName+UpdatingTimeChanged.swift */,
			);
			path = Extensions;
			sourceTree = "<group>";
		};
/* End PBXGroup section */

/* Begin PBXNativeTarget section */
		55AA39A625948373004716E0 /* FreshNews */ = {
			isa = PBXNativeTarget;
			buildConfigurationList = 55AA39BB25948373004716E0 /* Build configuration list for PBXNativeTarget "FreshNews" */;
			buildPhases = (
				55AA39A325948373004716E0 /* Sources */,
				55AA39A425948373004716E0 /* Frameworks */,
				55AA39A525948373004716E0 /* Resources */,
			);
			buildRules = (
			);
			dependencies = (
			);
			name = FreshNews;
			productName = FreshNews;
			productReference = 55AA39A725948373004716E0 /* FreshNews.app */;
			productType = "com.apple.product-type.application";
		};
/* End PBXNativeTarget section */

/* Begin PBXProject section */
		55AA399F25948373004716E0 /* Project object */ = {
			isa = PBXProject;
			attributes = {
				LastSwiftUpdateCheck = 1230;
				LastUpgradeCheck = 1230;
				TargetAttributes = {
					55AA39A625948373004716E0 = {
						CreatedOnToolsVersion = 12.3;
					};
				};
			};
			buildConfigurationList = 55AA39A225948373004716E0 /* Build configuration list for PBXProject "FreshNews" */;
			compatibilityVersion = "Xcode 12.0";
			developmentRegion = en;
			hasScannedForEncodings = 0;
			knownRegions = (
				en,
				Base,
			);
			mainGroup = 55AA399E25948373004716E0;
			productRefGroup = 55AA39A825948373004716E0 /* Products */;
			projectDirPath = "";
			projectRoot = "";
			targets = (
				55AA39A625948373004716E0 /* FreshNews */,
			);
		};
/* End PBXProject section */

/* Begin PBXResourcesBuildPhase section */
		55AA39A525948373004716E0 /* Resources */ = {
			isa = PBXResourcesBuildPhase;
			buildActionMask = 2147483647;
			files = (
				55AA39B725948373004716E0 /* LaunchScreen.storyboard in Resources */,
				55AA39B425948373004716E0 /* Assets.xcassets in Resources */,
			);
			runOnlyForDeploymentPostprocessing = 0;
		};
/* End PBXResourcesBuildPhase section */

/* Begin PBXSourcesBuildPhase section */
		55AA39A325948373004716E0 /* Sources */ = {
			isa = PBXSourcesBuildPhase;
			buildActionMask = 2147483647;
			files = (
				558FCF352598FA2800FBB5F2 /* NetworkManager.swift in Sources */,
				55906A11259A50200092C794 /* NewsItemCD+CoreDataProperties.swift in Sources */,
				55AA39EA25978A50004716E0 /* Date+NewsFormat.swift in Sources */,
				556C528F259B822A00ED902D /* UpdateTimeSettingsViewController.swift in Sources */,
				55906A1A259A780B0092C794 /* StoreManager.swift in Sources */,
				556C5295259BDB3100ED902D /* NatificationName+UpdatingTimeChanged.swift in Sources */,
				55AA39D225949930004716E0 /* AdditionalNewsSource.swift in Sources */,
				556C528B259B5A5900ED902D /* TimerManager.swift in Sources */,
				55AA39C9259486DE004716E0 /* NewsItem.swift in Sources */,
				558FCF412598FB1600FBB5F2 /* NewsFetchingProtocol.swift in Sources */,
				558FCF4725990B2000FBB5F2 /* NewsParser.swift in Sources */,
				558FCF2C2598E6EA00FBB5F2 /* NewsRouter.swift in Sources */,
				558FCF292598E64800FBB5F2 /* NewsPresenter.swift in Sources */,
				55AA39AB25948373004716E0 /* AppDelegate.swift in Sources */,
				55AA39DD25972C6D004716E0 /* UITableView+ReusableCell.swift in Sources */,
				55906A10259A50200092C794 /* NewsItemCD+CoreDataClass.swift in Sources */,
				55AA39CC25949181004716E0 /* NewsSourceProtocol.swift in Sources */,
				55AA39E125972E82004716E0 /* UITableViewCell+ReuseIdentifier.swift in Sources */,
				55AA39F02597A2F2004716E0 /* NewsViewProtocol.swift in Sources */,
				55AA39AD25948373004716E0 /* SceneDelegate.swift in Sources */,
				55AA39F32597A31D004716E0 /* NewsPresenterProtocol.swift in Sources */,
				55906A21259A8AB40092C794 /* SourceManager.swift in Sources */,
				55AA39CF2594932D004716E0 /* NewsSource.swift in Sources */,
				55906A042599E7E20092C794 /* NewsIteractor.swift in Sources */,
				55906A0C259A48F20092C794 /* FreshNews.xcdatamodeld in Sources */,
				55906A1D259A78A50092C794 /* StoreManagerProtocol.swift in Sources */,
				558FCF442599007700FBB5F2 /* NetworkError.swift in Sources */,
				55AA39F92597A373004716E0 /* NewsRouterProtocol.swift in Sources */,
				55AA39D6259721DD004716E0 /* NewsViewController.swift in Sources */,
				55AA39F62597A348004716E0 /* NewsIteractorProtocol.swift in Sources */,
				55906A002599E1890092C794 /* Date+FromXMLString.swift in Sources */,
				55AA39D9259728D6004716E0 /* NewsTableViewCell.swift in Sources */,
				55906A15259A516D0092C794 /* CoreDataManager.swift in Sources */,
				558FCF2F2598F52200FBB5F2 /* SettingsViewController.swift in Sources */,
			);
			runOnlyForDeploymentPostprocessing = 0;
		};
/* End PBXSourcesBuildPhase section */

/* Begin PBXVariantGroup section */
		55AA39B525948373004716E0 /* LaunchScreen.storyboard */ = {
			isa = PBXVariantGroup;
			children = (
				55AA39B625948373004716E0 /* Base */,
			);
			name = LaunchScreen.storyboard;
			sourceTree = "<group>";
		};
/* End PBXVariantGroup section */

/* Begin XCBuildConfiguration section */
		55AA39B925948373004716E0 /* Debug */ = {
			isa = XCBuildConfiguration;
			buildSettings = {
				ALWAYS_SEARCH_USER_PATHS = NO;
				CLANG_ANALYZER_NONNULL = YES;
				CLANG_ANALYZER_NUMBER_OBJECT_CONVERSION = YES_AGGRESSIVE;
				CLANG_CXX_LANGUAGE_STANDARD = "gnu++14";
				CLANG_CXX_LIBRARY = "libc++";
				CLANG_ENABLE_MODULES = YES;
				CLANG_ENABLE_OBJC_ARC = YES;
				CLANG_ENABLE_OBJC_WEAK = YES;
				CLANG_WARN_BLOCK_CAPTURE_AUTORELEASING = YES;
				CLANG_WARN_BOOL_CONVERSION = YES;
				CLANG_WARN_COMMA = YES;
				CLANG_WARN_CONSTANT_CONVERSION = YES;
				CLANG_WARN_DEPRECATED_OBJC_IMPLEMENTATIONS = YES;
				CLANG_WARN_DIRECT_OBJC_ISA_USAGE = YES_ERROR;
				CLANG_WARN_DOCUMENTATION_COMMENTS = YES;
				CLANG_WARN_EMPTY_BODY = YES;
				CLANG_WARN_ENUM_CONVERSION = YES;
				CLANG_WARN_INFINITE_RECURSION = YES;
				CLANG_WARN_INT_CONVERSION = YES;
				CLANG_WARN_NON_LITERAL_NULL_CONVERSION = YES;
				CLANG_WARN_OBJC_IMPLICIT_RETAIN_SELF = YES;
				CLANG_WARN_OBJC_LITERAL_CONVERSION = YES;
				CLANG_WARN_OBJC_ROOT_CLASS = YES_ERROR;
				CLANG_WARN_QUOTED_INCLUDE_IN_FRAMEWORK_HEADER = YES;
				CLANG_WARN_RANGE_LOOP_ANALYSIS = YES;
				CLANG_WARN_STRICT_PROTOTYPES = YES;
				CLANG_WARN_SUSPICIOUS_MOVE = YES;
				CLANG_WARN_UNGUARDED_AVAILABILITY = YES_AGGRESSIVE;
				CLANG_WARN_UNREACHABLE_CODE = YES;
				CLANG_WARN__DUPLICATE_METHOD_MATCH = YES;
				COPY_PHASE_STRIP = NO;
				DEBUG_INFORMATION_FORMAT = dwarf;
				ENABLE_STRICT_OBJC_MSGSEND = YES;
				ENABLE_TESTABILITY = YES;
				GCC_C_LANGUAGE_STANDARD = gnu11;
				GCC_DYNAMIC_NO_PIC = NO;
				GCC_NO_COMMON_BLOCKS = YES;
				GCC_OPTIMIZATION_LEVEL = 0;
				GCC_PREPROCESSOR_DEFINITIONS = (
					"DEBUG=1",
					"$(inherited)",
				);
				GCC_WARN_64_TO_32_BIT_CONVERSION = YES;
				GCC_WARN_ABOUT_RETURN_TYPE = YES_ERROR;
				GCC_WARN_UNDECLARED_SELECTOR = YES;
				GCC_WARN_UNINITIALIZED_AUTOS = YES_AGGRESSIVE;
				GCC_WARN_UNUSED_FUNCTION = YES;
				GCC_WARN_UNUSED_VARIABLE = YES;
				IPHONEOS_DEPLOYMENT_TARGET = 14.3;
				MTL_ENABLE_DEBUG_INFO = INCLUDE_SOURCE;
				MTL_FAST_MATH = YES;
				ONLY_ACTIVE_ARCH = YES;
				SDKROOT = iphoneos;
				SWIFT_ACTIVE_COMPILATION_CONDITIONS = DEBUG;
				SWIFT_OPTIMIZATION_LEVEL = "-Onone";
			};
			name = Debug;
		};
		55AA39BA25948373004716E0 /* Release */ = {
			isa = XCBuildConfiguration;
			buildSettings = {
				ALWAYS_SEARCH_USER_PATHS = NO;
				CLANG_ANALYZER_NONNULL = YES;
				CLANG_ANALYZER_NUMBER_OBJECT_CONVERSION = YES_AGGRESSIVE;
				CLANG_CXX_LANGUAGE_STANDARD = "gnu++14";
				CLANG_CXX_LIBRARY = "libc++";
				CLANG_ENABLE_MODULES = YES;
				CLANG_ENABLE_OBJC_ARC = YES;
				CLANG_ENABLE_OBJC_WEAK = YES;
				CLANG_WARN_BLOCK_CAPTURE_AUTORELEASING = YES;
				CLANG_WARN_BOOL_CONVERSION = YES;
				CLANG_WARN_COMMA = YES;
				CLANG_WARN_CONSTANT_CONVERSION = YES;
				CLANG_WARN_DEPRECATED_OBJC_IMPLEMENTATIONS = YES;
				CLANG_WARN_DIRECT_OBJC_ISA_USAGE = YES_ERROR;
				CLANG_WARN_DOCUMENTATION_COMMENTS = YES;
				CLANG_WARN_EMPTY_BODY = YES;
				CLANG_WARN_ENUM_CONVERSION = YES;
				CLANG_WARN_INFINITE_RECURSION = YES;
				CLANG_WARN_INT_CONVERSION = YES;
				CLANG_WARN_NON_LITERAL_NULL_CONVERSION = YES;
				CLANG_WARN_OBJC_IMPLICIT_RETAIN_SELF = YES;
				CLANG_WARN_OBJC_LITERAL_CONVERSION = YES;
				CLANG_WARN_OBJC_ROOT_CLASS = YES_ERROR;
				CLANG_WARN_QUOTED_INCLUDE_IN_FRAMEWORK_HEADER = YES;
				CLANG_WARN_RANGE_LOOP_ANALYSIS = YES;
				CLANG_WARN_STRICT_PROTOTYPES = YES;
				CLANG_WARN_SUSPICIOUS_MOVE = YES;
				CLANG_WARN_UNGUARDED_AVAILABILITY = YES_AGGRESSIVE;
				CLANG_WARN_UNREACHABLE_CODE = YES;
				CLANG_WARN__DUPLICATE_METHOD_MATCH = YES;
				COPY_PHASE_STRIP = NO;
				DEBUG_INFORMATION_FORMAT = "dwarf-with-dsym";
				ENABLE_NS_ASSERTIONS = NO;
				ENABLE_STRICT_OBJC_MSGSEND = YES;
				GCC_C_LANGUAGE_STANDARD = gnu11;
				GCC_NO_COMMON_BLOCKS = YES;
				GCC_WARN_64_TO_32_BIT_CONVERSION = YES;
				GCC_WARN_ABOUT_RETURN_TYPE = YES_ERROR;
				GCC_WARN_UNDECLARED_SELECTOR = YES;
				GCC_WARN_UNINITIALIZED_AUTOS = YES_AGGRESSIVE;
				GCC_WARN_UNUSED_FUNCTION = YES;
				GCC_WARN_UNUSED_VARIABLE = YES;
				IPHONEOS_DEPLOYMENT_TARGET = 14.3;
				MTL_ENABLE_DEBUG_INFO = NO;
				MTL_FAST_MATH = YES;
				SDKROOT = iphoneos;
				SWIFT_COMPILATION_MODE = wholemodule;
				SWIFT_OPTIMIZATION_LEVEL = "-O";
				VALIDATE_PRODUCT = YES;
			};
			name = Release;
		};
		55AA39BC25948373004716E0 /* Debug */ = {
			isa = XCBuildConfiguration;
			buildSettings = {
				ASSETCATALOG_COMPILER_APPICON_NAME = AppIcon;
				ASSETCATALOG_COMPILER_GLOBAL_ACCENT_COLOR_NAME = AccentColor;
				CODE_SIGN_STYLE = Automatic;
				DEVELOPMENT_TEAM = 5LHZHKM226;
				INFOPLIST_FILE = FreshNews/Info.plist;
				LD_RUNPATH_SEARCH_PATHS = (
					"$(inherited)",
					"@executable_path/Frameworks",
				);
				PRODUCT_BUNDLE_IDENTIFIER = com.exam.FreshNews;
				PRODUCT_NAME = "$(TARGET_NAME)";
				SWIFT_VERSION = 5.0;
				TARGETED_DEVICE_FAMILY = "1,2";
			};
			name = Debug;
		};
		55AA39BD25948373004716E0 /* Release */ = {
			isa = XCBuildConfiguration;
			buildSettings = {
				ASSETCATALOG_COMPILER_APPICON_NAME = AppIcon;
				ASSETCATALOG_COMPILER_GLOBAL_ACCENT_COLOR_NAME = AccentColor;
				CODE_SIGN_STYLE = Automatic;
				DEVELOPMENT_TEAM = 5LHZHKM226;
				INFOPLIST_FILE = FreshNews/Info.plist;
				LD_RUNPATH_SEARCH_PATHS = (
					"$(inherited)",
					"@executable_path/Frameworks",
				);
				PRODUCT_BUNDLE_IDENTIFIER = com.exam.FreshNews;
				PRODUCT_NAME = "$(TARGET_NAME)";
				SWIFT_VERSION = 5.0;
				TARGETED_DEVICE_FAMILY = "1,2";
			};
			name = Release;
		};
/* End XCBuildConfiguration section */

/* Begin XCConfigurationList section */
		55AA39A225948373004716E0 /* Build configuration list for PBXProject "FreshNews" */ = {
			isa = XCConfigurationList;
			buildConfigurations = (
				55AA39B925948373004716E0 /* Debug */,
				55AA39BA25948373004716E0 /* Release */,
			);
			defaultConfigurationIsVisible = 0;
			defaultConfigurationName = Release;
		};
		55AA39BB25948373004716E0 /* Build configuration list for PBXNativeTarget "FreshNews" */ = {
			isa = XCConfigurationList;
			buildConfigurations = (
				55AA39BC25948373004716E0 /* Debug */,
				55AA39BD25948373004716E0 /* Release */,
			);
			defaultConfigurationIsVisible = 0;
			defaultConfigurationName = Release;
		};
/* End XCConfigurationList section */

/* Begin XCVersionGroup section */
		55906A0A259A48F20092C794 /* FreshNews.xcdatamodeld */ = {
			isa = XCVersionGroup;
			children = (
				55906A0B259A48F20092C794 /* FreshNews.xcdatamodel */,
			);
			currentVersion = 55906A0B259A48F20092C794 /* FreshNews.xcdatamodel */;
			path = FreshNews.xcdatamodeld;
			sourceTree = "<group>";
			versionGroupType = wrapper.xcdatamodel;
		};
/* End XCVersionGroup section */
	};
	rootObject = 55AA399F25948373004716E0 /* Project object */;
}
